<?xml version="1.0" encoding="utf-8"?>
<Project ToolsVersion="4.0" xmlns="http://schemas.microsoft.com/developer/msbuild/2003">
  <ItemGroup>
    <Filter Include="Utility">
      <UniqueIdentifier>{246ff663-fec8-4733-9881-9fa7e6c8b04c}</UniqueIdentifier>
    </Filter>
    <Filter Include="Server">
      <UniqueIdentifier>{342628b4-5880-4219-a61c-37e0b6d69b10}</UniqueIdentifier>
    </Filter>
    <Filter Include="Utility\Factory">
      <UniqueIdentifier>{dc912500-dd19-4d61-93ae-7fc684fb5b48}</UniqueIdentifier>
    </Filter>
    <Filter Include="Utility\Factory\ObjectPool">
      <UniqueIdentifier>{d20b3fb6-3b36-4717-8b99-4016578f2077}</UniqueIdentifier>
    </Filter>
    <Filter Include="Utility\Lock">
      <UniqueIdentifier>{0df9b3e4-9a77-463b-9393-6ca9630467f3}</UniqueIdentifier>
    </Filter>
    <Filter Include="Server\Core">
      <UniqueIdentifier>{10aaea70-0d67-4afa-a3f7-b34268404d97}</UniqueIdentifier>
    </Filter>
    <Filter Include="Utility\Buffer">
      <UniqueIdentifier>{12433799-47f5-4833-b8db-dbea64796e51}</UniqueIdentifier>
    </Filter>
    <Filter Include="Server\Network">
      <UniqueIdentifier>{3535e20e-d37c-40dd-88f8-a682cf72490c}</UniqueIdentifier>
    </Filter>
    <Filter Include="Server\Network\GameServer">
      <UniqueIdentifier>{133e1481-75ce-4509-8744-b3f12357a654}</UniqueIdentifier>
    </Filter>
    <Filter Include="Server\Network\Session">
      <UniqueIdentifier>{7ebd4502-783b-49f4-8331-73bbb6070d7a}</UniqueIdentifier>
    </Filter>
    <Filter Include="Server\Network\Session\CGameUser">
      <UniqueIdentifier>{72c2aadc-5d5c-41f9-bba3-4d0ca892b8f0}</UniqueIdentifier>
    </Filter>
    <Filter Include="Server\Network\Session\Send">
      <UniqueIdentifier>{6f02115d-a6cb-4b84-b9d4-191eeda365c3}</UniqueIdentifier>
    </Filter>
    <Filter Include="Server\Network\Socket">
      <UniqueIdentifier>{08e98053-ee6f-4c84-a17d-85b11971043c}</UniqueIdentifier>
    </Filter>
    <Filter Include="Server\Network\Socket\Acceptor">
      <UniqueIdentifier>{324a2b23-2c43-4029-a847-3014e50bde19}</UniqueIdentifier>
    </Filter>
    <Filter Include="Server\Network\IO">
      <UniqueIdentifier>{9f0dd1c2-28c8-458c-bfee-30831dca45f6}</UniqueIdentifier>
    </Filter>
    <Filter Include="Server\Network\Handler">
      <UniqueIdentifier>{675f54b2-7797-4bf9-a8a0-5bf9abd3e208}</UniqueIdentifier>
    </Filter>
    <Filter Include="Server\Core\Setting">
      <UniqueIdentifier>{d3b33f8f-c4c7-4222-a3d9-bdf9e50f2fad}</UniqueIdentifier>
    </Filter>
    <Filter Include="Server\Network\Socket\Socket_TCP">
      <UniqueIdentifier>{aeafdf29-e2a0-4c2a-9c14-2e4b2d470012}</UniqueIdentifier>
    </Filter>
  </ItemGroup>
  <ItemGroup>
    <ClCompile Include="CSession.cpp">
      <Filter>Server\Network\Session</Filter>
    </ClCompile>
    <ClCompile Include="CGameUser.cpp">
      <Filter>Server\Network\Session\CGameUser</Filter>
    </ClCompile>
    <ClCompile Include="CAcceptor.cpp">
      <Filter>Server\Network\Socket\Acceptor</Filter>
    </ClCompile>
    <ClCompile Include="CFactory.cpp">
      <Filter>Utility\Factory</Filter>
    </ClCompile>
    <ClCompile Include="CSender.cpp">
      <Filter>Server\Network\Session\Send</Filter>
    </ClCompile>
    <ClCompile Include="CSendPool.cpp">
      <Filter>Server\Network\Session\Send</Filter>
    </ClCompile>
    <ClCompile Include="CIOContext.cpp">
      <Filter>Server\Network\IO</Filter>
    </ClCompile>
    <ClCompile Include="CPacketHandler.cpp">
      <Filter>Server\Network\Handler</Filter>
    </ClCompile>
    <ClCompile Include="CTcpSocket.cpp">
      <Filter>Server\Network\Socket\Socket_TCP</Filter>
    </ClCompile>
    <ClCompile Include="CServerSetting.cpp">
      <Filter>Server\Core\Setting</Filter>
    </ClCompile>
    <ClCompile Include="CRingBuffer.cpp">
      <Filter>Utility\Buffer</Filter>
    </ClCompile>
    <ClCompile Include="CEventHandler.cpp">
      <Filter>Server\Core</Filter>
    </ClCompile>
  </ItemGroup>
  <ItemGroup>
    <ClInclude Include="CSession.h">
      <Filter>Server\Network\Session</Filter>
    </ClInclude>
    <ClInclude Include="CGameServer.h">
      <Filter>Server\Network\GameServer</Filter>
    </ClInclude>
    <ClInclude Include="CGameUser.h">
      <Filter>Server\Network\Session\CGameUser</Filter>
    </ClInclude>
    <ClInclude Include="CAcceptor.h">
      <Filter>Server\Network\Socket\Acceptor</Filter>
    </ClInclude>
    <ClInclude Include="CFactory.h">
      <Filter>Utility\Factory</Filter>
    </ClInclude>
    <ClInclude Include="CObjectPool.h">
      <Filter>Utility\Factory\ObjectPool</Filter>
    </ClInclude>
    <ClInclude Include="CSharedLock.h">
      <Filter>Utility\Lock</Filter>
    </ClInclude>
    <ClInclude Include="CSender.h">
      <Filter>Server\Network\Session\Send</Filter>
    </ClInclude>
    <ClInclude Include="CSendPool.h">
      <Filter>Server\Network\Session\Send</Filter>
    </ClInclude>
    <ClInclude Include="CServer.h">
      <Filter>Server\Core</Filter>
    </ClInclude>
    <ClInclude Include="CIOContext.h">
      <Filter>Server\Network\IO</Filter>
    </ClInclude>
    <ClInclude Include="CPacketHandler.h">
      <Filter>Server\Network\Handler</Filter>
    </ClInclude>
    <ClInclude Include="CHandler.h">
      <Filter>Server\Network\Handler</Filter>
    </ClInclude>
    <ClInclude Include="CServerSetting.h">
      <Filter>Server\Core\Setting</Filter>
    </ClInclude>
    <ClInclude Include="CTcpSocket.h">
      <Filter>Server\Network\Socket\Socket_TCP</Filter>
    </ClInclude>
    <ClInclude Include="ErrorDef.h">
      <Filter>Server\Core</Filter>
    </ClInclude>
    <ClInclude Include="CSpinLock.h">
      <Filter>Utility\Lock</Filter>
    </ClInclude>
    <ClInclude Include="CDoubleQueue.h">
      <Filter>Utility\Buffer</Filter>
    </ClInclude>
    <ClInclude Include="CRingBuffer.h">
      <Filter>Utility\Buffer</Filter>
    </ClInclude>
    <ClInclude Include="CEventHandler.h">
      <Filter>Server\Core</Filter>
    </ClInclude>
  </ItemGroup>
  <ItemGroup>
    <None Include="CSession.Inl">
      <Filter>Server\Network\Session</Filter>
    </None>
    <None Include="CGameServer.Inl">
      <Filter>Server\Network\GameServer</Filter>
    </None>
    <None Include="CSender.Inl">
      <Filter>Server\Network\Session\Send</Filter>
    </None>
    <None Include="CIOContext.Inl">
      <Filter>Server\Network\IO</Filter>
    </None>
    <None Include="CObjectPool.Inl">
      <Filter>Utility\Factory\ObjectPool</Filter>
    </None>
    <None Include="CFactory.Inl">
      <Filter>Utility\Factory</Filter>
    </None>
    <None Include="CAcceptor.Inl">
      <Filter>Server\Network\Socket\Acceptor</Filter>
    </None>
    <None Include="CHandler.Inl">
      <Filter>Server\Network\Handler</Filter>
    </None>
    <None Include="CTcpSocket.Inl">
      <Filter>Server\Network\Socket\Socket_TCP</Filter>
    </None>
    <None Include="ClassDiagram.cd" />
    <None Include="CDoubleQueue.Inl">
      <Filter>Utility\Buffer</Filter>
    </None>
  </ItemGroup>
</Project>